{
  "version": "3",
  "redirects": {
    "https://deno.land/x/axiod/mod.ts": "https://deno.land/x/axiod@0.26.2/mod.ts"
  },
  "remote": {
    "https://deno.land/std@0.154.0/_wasm_crypto/lib/deno_std_wasm_crypto.generated.mjs": "dfcd6777d05345362c70f9f2c49abba3ed3f925fccfcf725abe2d16d51819433",
    "https://deno.land/std@0.154.0/_wasm_crypto/mod.ts": "6c60d332716147ded0eece0861780678d51b560f533b27db2e15c64a4ef83665",
    "https://deno.land/std@0.154.0/crypto/_fnv/fnv32.ts": "aa9bddead8c6345087d3abd4ef35fb9655622afc333fc41fff382b36e64280b5",
    "https://deno.land/std@0.154.0/crypto/_fnv/fnv64.ts": "625d7e7505b6cb2e9801b5fd6ed0a89256bac12b2bbb3e4664b85a88b0ec5bef",
    "https://deno.land/std@0.154.0/crypto/_fnv/index.ts": "a8f6a361b4c6d54e5e89c16098f99b6962a1dd6ad1307dbc97fa1ecac5d7060a",
    "https://deno.land/std@0.154.0/crypto/_fnv/util.ts": "4848313bed7f00f55be3cb080aa0583fc007812ba965b03e4009665bde614ce3",
    "https://deno.land/std@0.154.0/crypto/keystack.ts": "e481eed28007395e554a435e880fee83a5c73b9259ed8a135a75e4b1e4f381f7",
    "https://deno.land/std@0.154.0/crypto/mod.ts": "0ef11f063cd0f9759485a3c9051e15125e1bde3b47c23b47e79b6e13cfcf9481",
    "https://deno.land/std@0.154.0/crypto/timing_safe_equal.ts": "82a29b737bc8932d75d7a20c404136089d5d23629e94ba14efa98a8cc066c73e",
    "https://deno.land/std@0.154.0/encoding/base64.ts": "c57868ca7fa2fbe919f57f88a623ad34e3d970d675bdc1ff3a9d02bba7409db2",
    "https://deno.land/std@0.154.0/encoding/base64url.ts": "a5f82a9fa703bd85a5eb8e7c1296bc6529e601ebd9642cc2b5eaa6b38fa9e05a",
    "https://deno.land/std@0.154.0/fmt/colors.ts": "ff7dc9c9f33a72bd48bc24b21bbc1b4545d8494a431f17894dbc5fe92a938fc4",
    "https://deno.land/std@0.154.0/testing/_diff.ts": "141f978a283defc367eeee3ff7b58aa8763cf7c8e0c585132eae614468e9d7b8",
    "https://deno.land/std@0.154.0/testing/_format.ts": "cd11136e1797791045e639e9f0f4640d5b4166148796cad37e6ef75f7d7f3832",
    "https://deno.land/std@0.154.0/testing/asserts.ts": "ac295f7fd22a7af107580e2475402a8c386cb1bf18bf837ae266ac0665786026",
    "https://deno.land/x/axiod@0.26.2/helpers.ts": "467f2ca75608f368c8092e800eab0d6d79b3fa42346372be62a5b93acf50fe7e",
    "https://deno.land/x/axiod@0.26.2/interfaces.ts": "1b5a7b70b1e7faecd2f251ad080bd87188fba585e2de667af472c4d72abf636e",
    "https://deno.land/x/axiod@0.26.2/mod.ts": "1175ec90a040d764b9940753f8d8e3f37a2328a0536eed48e411a8f1a3e9e5cb",
    "https://deno.land/x/axiod@0.26.2/mods/url-join.ts": "c925b2dd0bd490093d084bd4c74a9502260e014d5e760a4951b3e7c8ab3ca43f",
    "https://deno.land/x/simple_ics@0.0.11/date.ts": "a821cb60256491085a115263788f732464281f870d3a34f74c32d851900469eb",
    "https://deno.land/x/simple_ics@0.0.11/main.ts": "3c9f9508cd17994f76d8a3618364418cbe16f9bd1b0a1fec6ebbd1501c1a23ef",
    "https://deno.land/x/simple_ics@0.0.11/mod.ts": "1c88c69ed69795de226a5f711ee6e9cf6e5a06cb246032ccaead91624cfe095f",
    "https://deno.land/x/simple_ics@0.0.11/rrule.ts": "4d1fa59d2a51c27e4f73c92bed2feb2a0b2862213cab49589d0f9ae61cd60198",
    "https://deno.land/x/simple_ics@0.0.11/stringify.ts": "f3c0c2b755a95a084cabaec2a15f926ecbc99523b64ede8617789a71837202ef",
    "https://deno.land/x/simple_ics@0.1.1/date.ts": "e250380701190db1e98ae5b603ad9daf5c3e3b62141c659a39e1e2d84844d0c2",
    "https://deno.land/x/simple_ics@0.1.1/main.ts": "669ec77f901f1bbd48ad352d0e36b01341a1ca3b4b7fa37057304d0838420bee",
    "https://deno.land/x/simple_ics@0.1.1/mod.ts": "1c88c69ed69795de226a5f711ee6e9cf6e5a06cb246032ccaead91624cfe095f",
    "https://deno.land/x/simple_ics@0.1.1/rrule.ts": "4d1fa59d2a51c27e4f73c92bed2feb2a0b2862213cab49589d0f9ae61cd60198",
    "https://deno.land/x/simple_ics@0.1.1/stringify.ts": "fe56f476d3d6ea9f5086030f8a40548d65c60db819aeb3104a1823725c83db14",
    "https://deno.land/x/url_join@1.0.0/mod.ts": "d3c7007e3ab15594e54d5b90dce623b3e274a726e0cdf57858e7ecab77a0166c"
  }
}
